
Microsoft Visual Studio Solution File, Format Version 12.00
# Visual Studio Version 17
VisualStudioVersion = 17.0.31903.59
MinimumVisualStudioVersion = 10.0.40219.1
Project("{FAE04EC0-301F-11D3-BF4B-00C04F79EFBC}") = "API", "API\API.csproj", "{B8586124-89A3-429E-8FD8-3724C99D24D4}"
EndProject
Project("{FAE04EC0-301F-11D3-BF4B-00C04F79EFBC}") = "Application", "Application\Application.csproj", "{5F0535A5-0CA8-470E-833F-68321A4A7785}"
EndProject
Project("{FAE04EC0-301F-11D3-BF4B-00C04F79EFBC}") = "Domain", "Domain\Domain.csproj", "{71095A96-D880-46F3-BDBA-C6ECC10CF75D}"
EndProject
Project("{FAE04EC0-301F-11D3-BF4B-00C04F79EFBC}") = "Persistence", "Persistence\Persistence.csproj", "{FCB0C320-F9C1-4653-9BA4-BC04BA493814}"
EndProject
Project("{FAE04EC0-301F-11D3-BF4B-00C04F79EFBC}") = "Infrastructure", "Infrastructure\Infrastructure.csproj", "{F43B3297-A72C-426D-9335-A9A35FDB9D2F}"
EndProject
Global
	GlobalSection(SolutionConfigurationPlatforms) = preSolution
		Debug|Any CPU = Debug|Any CPU
		Release|Any CPU = Release|Any CPU
	EndGlobalSection
	GlobalSection(SolutionProperties) = preSolution
		HideSolutionNode = FALSE
	EndGlobalSection
	GlobalSection(ProjectConfigurationPlatforms) = postSolution
		{B8586124-89A3-429E-8FD8-3724C99D24D4}.Debug|Any CPU.ActiveCfg = Debug|Any CPU
		{B8586124-89A3-429E-8FD8-3724C99D24D4}.Debug|Any CPU.Build.0 = Debug|Any CPU
		{B8586124-89A3-429E-8FD8-3724C99D24D4}.Release|Any CPU.ActiveCfg = Release|Any CPU
		{B8586124-89A3-429E-8FD8-3724C99D24D4}.Release|Any CPU.Build.0 = Release|Any CPU
		{5F0535A5-0CA8-470E-833F-68321A4A7785}.Debug|Any CPU.ActiveCfg = Debug|Any CPU
		{5F0535A5-0CA8-470E-833F-68321A4A7785}.Debug|Any CPU.Build.0 = Debug|Any CPU
		{5F0535A5-0CA8-470E-833F-68321A4A7785}.Release|Any CPU.ActiveCfg = Release|Any CPU
		{5F0535A5-0CA8-470E-833F-68321A4A7785}.Release|Any CPU.Build.0 = Release|Any CPU
		{71095A96-D880-46F3-BDBA-C6ECC10CF75D}.Debug|Any CPU.ActiveCfg = Debug|Any CPU
		{71095A96-D880-46F3-BDBA-C6ECC10CF75D}.Debug|Any CPU.Build.0 = Debug|Any CPU
		{71095A96-D880-46F3-BDBA-C6ECC10CF75D}.Release|Any CPU.ActiveCfg = Release|Any CPU
		{71095A96-D880-46F3-BDBA-C6ECC10CF75D}.Release|Any CPU.Build.0 = Release|Any CPU
		{FCB0C320-F9C1-4653-9BA4-BC04BA493814}.Debug|Any CPU.ActiveCfg = Debug|Any CPU
		{FCB0C320-F9C1-4653-9BA4-BC04BA493814}.Debug|Any CPU.Build.0 = Debug|Any CPU
		{FCB0C320-F9C1-4653-9BA4-BC04BA493814}.Release|Any CPU.ActiveCfg = Release|Any CPU
		{FCB0C320-F9C1-4653-9BA4-BC04BA493814}.Release|Any CPU.Build.0 = Release|Any CPU
		{F43B3297-A72C-426D-9335-A9A35FDB9D2F}.Debug|Any CPU.ActiveCfg = Debug|Any CPU
		{F43B3297-A72C-426D-9335-A9A35FDB9D2F}.Debug|Any CPU.Build.0 = Debug|Any CPU
		{F43B3297-A72C-426D-9335-A9A35FDB9D2F}.Release|Any CPU.ActiveCfg = Release|Any CPU
		{F43B3297-A72C-426D-9335-A9A35FDB9D2F}.Release|Any CPU.Build.0 = Release|Any CPU
	EndGlobalSection
EndGlobal
